// !$*UTF8*$!
{
	archiveVersion = 1;
	classes = {
	};
	objectVersion = 46;
	objects = {

/* Begin PBXBuildFile section */
		027348FD0E372FE8E3C2CD99 /* libPods-MatZyp.a in Frameworks */ = {isa = PBXBuildFile; fileRef = 6E0E8C36BE4828F6B76B5EAB /* libPods-MatZyp.a */; };
		369A7E7C1DD5ACE3009FCB39 /* LanguageModalViewController.swift in Sources */ = {isa = PBXBuildFile; fileRef = 369A7E7B1DD5ACE3009FCB39 /* LanguageModalViewController.swift */; };
		36CE29731DC869040087F8F3 /* AppDelegate.swift in Sources */ = {isa = PBXBuildFile; fileRef = 36CE29721DC869040087F8F3 /* AppDelegate.swift */; };
		36CE29781DC869040087F8F3 /* Main.storyboard in Resources */ = {isa = PBXBuildFile; fileRef = 36CE29761DC869040087F8F3 /* Main.storyboard */; };
		36CE297A1DC869040087F8F3 /* Assets.xcassets in Resources */ = {isa = PBXBuildFile; fileRef = 36CE29791DC869040087F8F3 /* Assets.xcassets */; };
		36CE297D1DC869040087F8F3 /* LaunchScreen.storyboard in Resources */ = {isa = PBXBuildFile; fileRef = 36CE297B1DC869040087F8F3 /* LaunchScreen.storyboard */; };
		36CE29851DC869140087F8F3 /* DataCenter.swift in Sources */ = {isa = PBXBuildFile; fileRef = 36CE29841DC869140087F8F3 /* DataCenter.swift */; };
		36CE63EE1DD6F06000F73C7E /* SettingController.swift in Sources */ = {isa = PBXBuildFile; fileRef = 36CE63ED1DD6F06000F73C7E /* SettingController.swift */; };
		36D159B31DD0DE47007B4EAA /* LocationListViewController.swift in Sources */ = {isa = PBXBuildFile; fileRef = 36D159B21DD0DE47007B4EAA /* LocationListViewController.swift */; };
		36D159B51DD0DE5B007B4EAA /* MenuListViewController.swift in Sources */ = {isa = PBXBuildFile; fileRef = 36D159B41DD0DE5B007B4EAA /* MenuListViewController.swift */; };
		B20AF2B41DF2B02E00B4730F /* ReviewTableViewCell.swift in Sources */ = {isa = PBXBuildFile; fileRef = B20AF2B31DF2B02E00B4730F /* ReviewTableViewCell.swift */; };
		B241D1491DE45227008348FF /* SegViewController.swift in Sources */ = {isa = PBXBuildFile; fileRef = B241D1481DE45227008348FF /* SegViewController.swift */; };
		B24318161DE02E2B005F9317 /* ReviewTableViewController.swift in Sources */ = {isa = PBXBuildFile; fileRef = B24318151DE02E2B005F9317 /* ReviewTableViewController.swift */; };
		B26395C81DD8A9F40046952F /* MatZypListTableViewCell.swift in Sources */ = {isa = PBXBuildFile; fileRef = B26395C71DD8A9F40046952F /* MatZypListTableViewCell.swift */; };
		B268B6D31DD76A3A00737189 /* MenuCell.swift in Sources */ = {isa = PBXBuildFile; fileRef = B268B6D21DD76A3A00737189 /* MenuCell.swift */; };
		B2AEF5B91DCF21BA009A0476 /* MatZypListViewController.swift in Sources */ = {isa = PBXBuildFile; fileRef = B2AEF5B81DCF21BA009A0476 /* MatZypListViewController.swift */; };
		B2BA89A41DD86B5500FC0C13 /* FirstCell.swift in Sources */ = {isa = PBXBuildFile; fileRef = B2BA89A31DD86B5500FC0C13 /* FirstCell.swift */; };
		B2BA89A61DD86B7000FC0C13 /* InfoListViewController.swift in Sources */ = {isa = PBXBuildFile; fileRef = B2BA89A51DD86B7000FC0C13 /* InfoListViewController.swift */; };
		B2BA89A81DD881EB00FC0C13 /* SecondCell.swift in Sources */ = {isa = PBXBuildFile; fileRef = B2BA89A71DD881EB00FC0C13 /* SecondCell.swift */; };
		B2BA89AA1DD883EC00FC0C13 /* FourthCell.swift in Sources */ = {isa = PBXBuildFile; fileRef = B2BA89A91DD883EC00FC0C13 /* FourthCell.swift */; };
		B2BA89AC1DD883F800FC0C13 /* FifthCell.swift in Sources */ = {isa = PBXBuildFile; fileRef = B2BA89AB1DD883F800FC0C13 /* FifthCell.swift */; };
		B2BA89AE1DD8840200FC0C13 /* SixthCell.swift in Sources */ = {isa = PBXBuildFile; fileRef = B2BA89AD1DD8840200FC0C13 /* SixthCell.swift */; };
		B2BA89B01DD8840C00FC0C13 /* SeventhCell.swift in Sources */ = {isa = PBXBuildFile; fileRef = B2BA89AF1DD8840C00FC0C13 /* SeventhCell.swift */; };
		B2C84D461DEDC85600BE7049 /* LoginViewController.swift in Sources */ = {isa = PBXBuildFile; fileRef = B2C84D441DEDC3B800BE7049 /* LoginViewController.swift */; };
		B2C84D481DEDD1C800BE7049 /* TabbarViewController.swift in Sources */ = {isa = PBXBuildFile; fileRef = B2C84D471DEDD1C800BE7049 /* TabbarViewController.swift */; };
		B2D01BA51DEC77BA0092050F /* Bolts.framework in Frameworks */ = {isa = PBXBuildFile; fileRef = B2D01BA11DEC77BA0092050F /* Bolts.framework */; };
		B2D01BA61DEC77BA0092050F /* FBSDKCoreKit.framework in Frameworks */ = {isa = PBXBuildFile; fileRef = B2D01BA21DEC77BA0092050F /* FBSDKCoreKit.framework */; };
		B2D01BA71DEC77BA0092050F /* FBSDKLoginKit.framework in Frameworks */ = {isa = PBXBuildFile; fileRef = B2D01BA31DEC77BA0092050F /* FBSDKLoginKit.framework */; };
		B2D01BA81DEC77BA0092050F /* FBSDKShareKit.framework in Frameworks */ = {isa = PBXBuildFile; fileRef = B2D01BA41DEC77BA0092050F /* FBSDKShareKit.framework */; };
		B2D31FE31DE739E9000513B4 /* WriteReviewTableViewController.swift in Sources */ = {isa = PBXBuildFile; fileRef = B2D31FE21DE739E9000513B4 /* WriteReviewTableViewController.swift */; };
		B2D31FE91DE7434E000513B4 /* customSegmentedControl.swift in Sources */ = {isa = PBXBuildFile; fileRef = B2D31FE81DE7434E000513B4 /* customSegmentedControl.swift */; };
		B2D31FEB1DE767FE000513B4 /* ThirdCell.swift in Sources */ = {isa = PBXBuildFile; fileRef = B2D31FEA1DE767FE000513B4 /* ThirdCell.swift */; };
		B2DF22321DF44E96001308DA /* rating.swift in Sources */ = {isa = PBXBuildFile; fileRef = B2DF22311DF44E96001308DA /* rating.swift */; };
		B2E3E0B71DF6AFA400840F65 /* DetailImageViewController.swift in Sources */ = {isa = PBXBuildFile; fileRef = B2E3E0B61DF6AFA400840F65 /* DetailImageViewController.swift */; };
		CE16A1171DE0663E00DED5E7 /* GMapViewController.swift in Sources */ = {isa = PBXBuildFile; fileRef = CE16A1161DE0663E00DED5E7 /* GMapViewController.swift */; };
		CEADF87C1DE827940015FC0A /* SearchResultController.swift in Sources */ = {isa = PBXBuildFile; fileRef = CEADF87B1DE827940015FC0A /* SearchResultController.swift */; };
		CEB7CBE71DE065F2000D8A2E /* Podfile in Resources */ = {isa = PBXBuildFile; fileRef = CEB7CBE61DE065F2000D8A2E /* Podfile */; };
		CEFA53B11DED6FB3002CFD83 /* CoreLocation.framework in Frameworks */ = {isa = PBXBuildFile; fileRef = CEFA53B01DED6FB3002CFD83 /* CoreLocation.framework */; };
/* End PBXBuildFile section */

/* Begin PBXFileReference section */
		251FFECB3AF64B960FEE002E /* Pods-MatZyp.debug.xcconfig */ = {isa = PBXFileReference; includeInIndex = 1; lastKnownFileType = text.xcconfig; name = "Pods-MatZyp.debug.xcconfig"; path = "Pods/Target Support Files/Pods-MatZyp/Pods-MatZyp.debug.xcconfig"; sourceTree = "<group>"; };
		369A7E7B1DD5ACE3009FCB39 /* LanguageModalViewController.swift */ = {isa = PBXFileReference; fileEncoding = 4; lastKnownFileType = sourcecode.swift; path = LanguageModalViewController.swift; sourceTree = "<group>"; };
		36CE296F1DC869040087F8F3 /* MatZyp.app */ = {isa = PBXFileReference; explicitFileType = wrapper.application; includeInIndex = 0; path = MatZyp.app; sourceTree = BUILT_PRODUCTS_DIR; };
		36CE29721DC869040087F8F3 /* AppDelegate.swift */ = {isa = PBXFileReference; lastKnownFileType = sourcecode.swift; path = AppDelegate.swift; sourceTree = "<group>"; };
		36CE29771DC869040087F8F3 /* Base */ = {isa = PBXFileReference; lastKnownFileType = file.storyboard; name = Base; path = Base.lproj/Main.storyboard; sourceTree = "<group>"; };
		36CE29791DC869040087F8F3 /* Assets.xcassets */ = {isa = PBXFileReference; lastKnownFileType = folder.assetcatalog; path = Assets.xcassets; sourceTree = "<group>"; };
		36CE297C1DC869040087F8F3 /* Base */ = {isa = PBXFileReference; lastKnownFileType = file.storyboard; name = Base; path = Base.lproj/LaunchScreen.storyboard; sourceTree = "<group>"; };
		36CE297E1DC869040087F8F3 /* Info.plist */ = {isa = PBXFileReference; lastKnownFileType = text.plist.xml; path = Info.plist; sourceTree = "<group>"; };
		36CE29841DC869140087F8F3 /* DataCenter.swift */ = {isa = PBXFileReference; fileEncoding = 4; lastKnownFileType = sourcecode.swift; name = DataCenter.swift; path = ../DataCenter.swift; sourceTree = "<group>"; };
		36CE63ED1DD6F06000F73C7E /* SettingController.swift */ = {isa = PBXFileReference; fileEncoding = 4; lastKnownFileType = sourcecode.swift; path = SettingController.swift; sourceTree = "<group>"; };
		36D159B21DD0DE47007B4EAA /* LocationListViewController.swift */ = {isa = PBXFileReference; fileEncoding = 4; lastKnownFileType = sourcecode.swift; path = LocationListViewController.swift; sourceTree = "<group>"; };
		36D159B41DD0DE5B007B4EAA /* MenuListViewController.swift */ = {isa = PBXFileReference; fileEncoding = 4; lastKnownFileType = sourcecode.swift; path = MenuListViewController.swift; sourceTree = "<group>"; };
		6E0E8C36BE4828F6B76B5EAB /* libPods-MatZyp.a */ = {isa = PBXFileReference; explicitFileType = archive.ar; includeInIndex = 0; path = "libPods-MatZyp.a"; sourceTree = BUILT_PRODUCTS_DIR; };
		B20AF2B31DF2B02E00B4730F /* ReviewTableViewCell.swift */ = {isa = PBXFileReference; fileEncoding = 4; lastKnownFileType = sourcecode.swift; path = ReviewTableViewCell.swift; sourceTree = "<group>"; };
		B241D1481DE45227008348FF /* SegViewController.swift */ = {isa = PBXFileReference; fileEncoding = 4; lastKnownFileType = sourcecode.swift; path = SegViewController.swift; sourceTree = "<group>"; };
		B24318151DE02E2B005F9317 /* ReviewTableViewController.swift */ = {isa = PBXFileReference; fileEncoding = 4; lastKnownFileType = sourcecode.swift; path = ReviewTableViewController.swift; sourceTree = "<group>"; };
		B26395C71DD8A9F40046952F /* MatZypListTableViewCell.swift */ = {isa = PBXFileReference; fileEncoding = 4; lastKnownFileType = sourcecode.swift; path = MatZypListTableViewCell.swift; sourceTree = "<group>"; };
		B268B6D21DD76A3A00737189 /* MenuCell.swift */ = {isa = PBXFileReference; fileEncoding = 4; lastKnownFileType = sourcecode.swift; path = MenuCell.swift; sourceTree = "<group>"; };
		B2AEF5B81DCF21BA009A0476 /* MatZypListViewController.swift */ = {isa = PBXFileReference; fileEncoding = 4; lastKnownFileType = sourcecode.swift; path = MatZypListViewController.swift; sourceTree = "<group>"; };
		B2BA89A31DD86B5500FC0C13 /* FirstCell.swift */ = {isa = PBXFileReference; fileEncoding = 4; lastKnownFileType = sourcecode.swift; path = FirstCell.swift; sourceTree = "<group>"; };
		B2BA89A51DD86B7000FC0C13 /* InfoListViewController.swift */ = {isa = PBXFileReference; fileEncoding = 4; lastKnownFileType = sourcecode.swift; path = InfoListViewController.swift; sourceTree = "<group>"; };
		B2BA89A71DD881EB00FC0C13 /* SecondCell.swift */ = {isa = PBXFileReference; fileEncoding = 4; lastKnownFileType = sourcecode.swift; path = SecondCell.swift; sourceTree = "<group>"; };
		B2BA89A91DD883EC00FC0C13 /* FourthCell.swift */ = {isa = PBXFileReference; fileEncoding = 4; lastKnownFileType = sourcecode.swift; path = FourthCell.swift; sourceTree = "<group>"; };
		B2BA89AB1DD883F800FC0C13 /* FifthCell.swift */ = {isa = PBXFileReference; fileEncoding = 4; lastKnownFileType = sourcecode.swift; path = FifthCell.swift; sourceTree = "<group>"; };
		B2BA89AD1DD8840200FC0C13 /* SixthCell.swift */ = {isa = PBXFileReference; fileEncoding = 4; lastKnownFileType = sourcecode.swift; path = SixthCell.swift; sourceTree = "<group>"; };
		B2BA89AF1DD8840C00FC0C13 /* SeventhCell.swift */ = {isa = PBXFileReference; fileEncoding = 4; lastKnownFileType = sourcecode.swift; path = SeventhCell.swift; sourceTree = "<group>"; };
		B2C84D441DEDC3B800BE7049 /* LoginViewController.swift */ = {isa = PBXFileReference; fileEncoding = 4; lastKnownFileType = sourcecode.swift; path = LoginViewController.swift; sourceTree = "<group>"; };
		B2C84D471DEDD1C800BE7049 /* TabbarViewController.swift */ = {isa = PBXFileReference; fileEncoding = 4; lastKnownFileType = sourcecode.swift; path = TabbarViewController.swift; sourceTree = "<group>"; };
		B2D01B9D1DEC76D00092050F /* MatZyp-Bridging-Header.h */ = {isa = PBXFileReference; lastKnownFileType = sourcecode.c.h; path = "MatZyp-Bridging-Header.h"; sourceTree = "<group>"; };
		B2D01BA11DEC77BA0092050F /* Bolts.framework */ = {isa = PBXFileReference; lastKnownFileType = wrapper.framework; path = Bolts.framework; sourceTree = "<group>"; };
		B2D01BA21DEC77BA0092050F /* FBSDKCoreKit.framework */ = {isa = PBXFileReference; lastKnownFileType = wrapper.framework; path = FBSDKCoreKit.framework; sourceTree = "<group>"; };
		B2D01BA31DEC77BA0092050F /* FBSDKLoginKit.framework */ = {isa = PBXFileReference; lastKnownFileType = wrapper.framework; path = FBSDKLoginKit.framework; sourceTree = "<group>"; };
		B2D01BA41DEC77BA0092050F /* FBSDKShareKit.framework */ = {isa = PBXFileReference; lastKnownFileType = wrapper.framework; path = FBSDKShareKit.framework; sourceTree = "<group>"; };
		B2D01BAB1DEC7EE60092050F /* MatZyp.entitlements */ = {isa = PBXFileReference; lastKnownFileType = text.plist.entitlements; path = MatZyp.entitlements; sourceTree = "<group>"; };
		B2D31FE21DE739E9000513B4 /* WriteReviewTableViewController.swift */ = {isa = PBXFileReference; fileEncoding = 4; lastKnownFileType = sourcecode.swift; path = WriteReviewTableViewController.swift; sourceTree = "<group>"; };
		B2D31FE81DE7434E000513B4 /* customSegmentedControl.swift */ = {isa = PBXFileReference; fileEncoding = 4; lastKnownFileType = sourcecode.swift; path = customSegmentedControl.swift; sourceTree = "<group>"; };
		B2D31FEA1DE767FE000513B4 /* ThirdCell.swift */ = {isa = PBXFileReference; fileEncoding = 4; lastKnownFileType = sourcecode.swift; path = ThirdCell.swift; sourceTree = "<group>"; };
		B2DF22311DF44E96001308DA /* rating.swift */ = {isa = PBXFileReference; fileEncoding = 4; lastKnownFileType = sourcecode.swift; path = rating.swift; sourceTree = "<group>"; };
		B2E3E0B61DF6AFA400840F65 /* DetailImageViewController.swift */ = {isa = PBXFileReference; fileEncoding = 4; lastKnownFileType = sourcecode.swift; path = DetailImageViewController.swift; sourceTree = "<group>"; };
		CE16A1161DE0663E00DED5E7 /* GMapViewController.swift */ = {isa = PBXFileReference; fileEncoding = 4; lastKnownFileType = sourcecode.swift; path = GMapViewController.swift; sourceTree = "<group>"; };
		CEADF87B1DE827940015FC0A /* SearchResultController.swift */ = {isa = PBXFileReference; fileEncoding = 4; lastKnownFileType = sourcecode.swift; name = SearchResultController.swift; path = ../SearchResultController.swift; sourceTree = "<group>"; };
		CEB7CBE61DE065F2000D8A2E /* Podfile */ = {isa = PBXFileReference; fileEncoding = 4; lastKnownFileType = text; path = Podfile; sourceTree = "<group>"; xcLanguageSpecificationIdentifier = xcode.lang.ruby; };
		CEFA53B01DED6FB3002CFD83 /* CoreLocation.framework */ = {isa = PBXFileReference; lastKnownFileType = wrapper.framework; name = CoreLocation.framework; path = System/Library/Frameworks/CoreLocation.framework; sourceTree = SDKROOT; };
		EA6FD20E841CCD1BF6D22258 /* Pods-MatZyp.release.xcconfig */ = {isa = PBXFileReference; includeInIndex = 1; lastKnownFileType = text.xcconfig; name = "Pods-MatZyp.release.xcconfig"; path = "Pods/Target Support Files/Pods-MatZyp/Pods-MatZyp.release.xcconfig"; sourceTree = "<group>"; };
/* End PBXFileReference section */

/* Begin PBXFrameworksBuildPhase section */
		36CE296C1DC869040087F8F3 /* Frameworks */ = {
			isa = PBXFrameworksBuildPhase;
			buildActionMask = 2147483647;
			files = (
				CEFA53B11DED6FB3002CFD83 /* CoreLocation.framework in Frameworks */,
				027348FD0E372FE8E3C2CD99 /* libPods-MatZyp.a in Frameworks */,
				B2D01BA61DEC77BA0092050F /* FBSDKCoreKit.framework in Frameworks */,
				B2D01BA81DEC77BA0092050F /* FBSDKShareKit.framework in Frameworks */,
				B2D01BA71DEC77BA0092050F /* FBSDKLoginKit.framework in Frameworks */,
				B2D01BA51DEC77BA0092050F /* Bolts.framework in Frameworks */,
			);
			runOnlyForDeploymentPostprocessing = 0;
		};
/* End PBXFrameworksBuildPhase section */

/* Begin PBXGroup section */
		36CE29661DC869040087F8F3 = {
			isa = PBXGroup;
			children = (
				CEB7CBE61DE065F2000D8A2E /* Podfile */,
				36CE29711DC869040087F8F3 /* MatZyp */,
				36CE29701DC869040087F8F3 /* Products */,
				ADC3BABC11E1053D0B6F9921 /* Pods */,
				98EF6F294139A19A145DEB86 /* Frameworks */,
			);
			sourceTree = "<group>";
		};
		36CE29701DC869040087F8F3 /* Products */ = {
			isa = PBXGroup;
			children = (
				36CE296F1DC869040087F8F3 /* MatZyp.app */,
			);
			name = Products;
			sourceTree = "<group>";
		};
		36CE29711DC869040087F8F3 /* MatZyp */ = {
			isa = PBXGroup;
			children = (
				36CE29761DC869040087F8F3 /* Main.storyboard */,
				36CE297B1DC869040087F8F3 /* LaunchScreen.storyboard */,
				36CE29721DC869040087F8F3 /* AppDelegate.swift */,
				36CE29791DC869040087F8F3 /* Assets.xcassets */,
				B2D01BAB1DEC7EE60092050F /* MatZyp.entitlements */,
				36CE297E1DC869040087F8F3 /* Info.plist */,
				36CE29841DC869140087F8F3 /* DataCenter.swift */,
				B2C84D471DEDD1C800BE7049 /* TabbarViewController.swift */,
				36D159B21DD0DE47007B4EAA /* LocationListViewController.swift */,
				B26395C61DD8A9C90046952F /* MatZypListView */,
				B2BA89A01DD86AF200FC0C13 /* MatZypView */,
				CE02C5A11DED9B9100BBEEB0 /* GoogleMap */,
				36CE63ED1DD6F06000F73C7E /* SettingController.swift */,
				369A7E7B1DD5ACE3009FCB39 /* LanguageModalViewController.swift */,
				B2C84D441DEDC3B800BE7049 /* LoginViewController.swift */,
				B2D01B9D1DEC76D00092050F /* MatZyp-Bridging-Header.h */,
			);
			path = MatZyp;
			sourceTree = "<group>";
		};
		98EF6F294139A19A145DEB86 /* Frameworks */ = {
			isa = PBXGroup;
			children = (
				CEFA53B01DED6FB3002CFD83 /* CoreLocation.framework */,
				B2D01BA11DEC77BA0092050F /* Bolts.framework */,
				B2D01BA21DEC77BA0092050F /* FBSDKCoreKit.framework */,
				B2D01BA31DEC77BA0092050F /* FBSDKLoginKit.framework */,
				B2D01BA41DEC77BA0092050F /* FBSDKShareKit.framework */,
				6E0E8C36BE4828F6B76B5EAB /* libPods-MatZyp.a */,
			);
			name = Frameworks;
			sourceTree = "<group>";
		};
		ADC3BABC11E1053D0B6F9921 /* Pods */ = {
			isa = PBXGroup;
			children = (
				251FFECB3AF64B960FEE002E /* Pods-MatZyp.debug.xcconfig */,
				EA6FD20E841CCD1BF6D22258 /* Pods-MatZyp.release.xcconfig */,
			);
			name = Pods;
			sourceTree = "<group>";
		};
		B24318141DE02E10005F9317 /* ReviewView */ = {
			isa = PBXGroup;
			children = (
				B24318151DE02E2B005F9317 /* ReviewTableViewController.swift */,
				B2D31FE21DE739E9000513B4 /* WriteReviewTableViewController.swift */,
				B20AF2B31DF2B02E00B4730F /* ReviewTableViewCell.swift */,
				B2DF22311DF44E96001308DA /* rating.swift */,
				B2E3E0B61DF6AFA400840F65 /* DetailImageViewController.swift */,
			);
			name = ReviewView;
			sourceTree = "<group>";
		};
		B26395C61DD8A9C90046952F /* MatZypListView */ = {
			isa = PBXGroup;
			children = (
				B2AEF5B81DCF21BA009A0476 /* MatZypListViewController.swift */,
				B26395C71DD8A9F40046952F /* MatZypListTableViewCell.swift */,
			);
			name = MatZypListView;
			sourceTree = "<group>";
		};
		B2BA89A01DD86AF200FC0C13 /* MatZypView */ = {
			isa = PBXGroup;
			children = (
				B2D31FE81DE7434E000513B4 /* customSegmentedControl.swift */,
				B241D1481DE45227008348FF /* SegViewController.swift */,
				B24318141DE02E10005F9317 /* ReviewView */,
				B2BA89A21DD86B2200FC0C13 /* MenuView */,
				B2BA89A11DD86B1900FC0C13 /* InfoView */,
			);
			name = MatZypView;
			sourceTree = "<group>";
		};
		B2BA89A11DD86B1900FC0C13 /* InfoView */ = {
			isa = PBXGroup;
			children = (
				B2BA89A31DD86B5500FC0C13 /* FirstCell.swift */,
				B2BA89A71DD881EB00FC0C13 /* SecondCell.swift */,
				B2D31FEA1DE767FE000513B4 /* ThirdCell.swift */,
				B2BA89A91DD883EC00FC0C13 /* FourthCell.swift */,
				B2BA89AB1DD883F800FC0C13 /* FifthCell.swift */,
				B2BA89AD1DD8840200FC0C13 /* SixthCell.swift */,
				B2BA89AF1DD8840C00FC0C13 /* SeventhCell.swift */,
				B2BA89A51DD86B7000FC0C13 /* InfoListViewController.swift */,
			);
			name = InfoView;
			sourceTree = "<group>";
		};
		B2BA89A21DD86B2200FC0C13 /* MenuView */ = {
			isa = PBXGroup;
			children = (
				36D159B41DD0DE5B007B4EAA /* MenuListViewController.swift */,
				B268B6D21DD76A3A00737189 /* MenuCell.swift */,
			);
			name = MenuView;
			sourceTree = "<group>";
		};
		CE02C5A11DED9B9100BBEEB0 /* GoogleMap */ = {
			isa = PBXGroup;
			children = (
				CEADF87B1DE827940015FC0A /* SearchResultController.swift */,
				CE16A1161DE0663E00DED5E7 /* GMapViewController.swift */,
			);
			name = GoogleMap;
			sourceTree = "<group>";
		};
/* End PBXGroup section */

/* Begin PBXNativeTarget section */
		36CE296E1DC869040087F8F3 /* MatZyp */ = {
			isa = PBXNativeTarget;
			buildConfigurationList = 36CE29811DC869040087F8F3 /* Build configuration list for PBXNativeTarget "MatZyp" */;
			buildPhases = (
				90675A1D96BD3E30B1C17FD3 /* [CP] Check Pods Manifest.lock */,
				36CE296B1DC869040087F8F3 /* Sources */,
				36CE296C1DC869040087F8F3 /* Frameworks */,
				36CE296D1DC869040087F8F3 /* Resources */,
				5770ECF3CE0B93517EB2C04E /* [CP] Embed Pods Frameworks */,
				045EE8A8487C258BDA6084B9 /* [CP] Copy Pods Resources */,
			);
			buildRules = (
			);
			dependencies = (
			);
			name = MatZyp;
			productName = MatZyp;
			productReference = 36CE296F1DC869040087F8F3 /* MatZyp.app */;
			productType = "com.apple.product-type.application";
		};
/* End PBXNativeTarget section */

/* Begin PBXProject section */
		36CE29671DC869040087F8F3 /* Project object */ = {
			isa = PBXProject;
			attributes = {
				LastSwiftUpdateCheck = 0800;
				LastUpgradeCheck = 0810;
				ORGANIZATIONNAME = CodersHigh;
				TargetAttributes = {
					36CE296E1DC869040087F8F3 = {
						CreatedOnToolsVersion = 8.0;
						DevelopmentTeam = 49K9ZR2VHN;
						LastSwiftMigration = 0810;
						ProvisioningStyle = Automatic;
						SystemCapabilities = {
							com.apple.Keychain = {
								enabled = 1;
							};
						};
					};
				};
			};
			buildConfigurationList = 36CE296A1DC869040087F8F3 /* Build configuration list for PBXProject "MatZyp" */;
			compatibilityVersion = "Xcode 3.2";
			developmentRegion = English;
			hasScannedForEncodings = 0;
			knownRegions = (
				en,
				Base,
			);
			mainGroup = 36CE29661DC869040087F8F3;
			productRefGroup = 36CE29701DC869040087F8F3 /* Products */;
			projectDirPath = "";
			projectRoot = "";
			targets = (
				36CE296E1DC869040087F8F3 /* MatZyp */,
			);
		};
/* End PBXProject section */

/* Begin PBXResourcesBuildPhase section */
		36CE296D1DC869040087F8F3 /* Resources */ = {
			isa = PBXResourcesBuildPhase;
			buildActionMask = 2147483647;
			files = (
				36CE297D1DC869040087F8F3 /* LaunchScreen.storyboard in Resources */,
				36CE297A1DC869040087F8F3 /* Assets.xcassets in Resources */,
				CEB7CBE71DE065F2000D8A2E /* Podfile in Resources */,
				36CE29781DC869040087F8F3 /* Main.storyboard in Resources */,
			);
			runOnlyForDeploymentPostprocessing = 0;
		};
/* End PBXResourcesBuildPhase section */

/* Begin PBXShellScriptBuildPhase section */
		045EE8A8487C258BDA6084B9 /* [CP] Copy Pods Resources */ = {
			isa = PBXShellScriptBuildPhase;
			buildActionMask = 2147483647;
			files = (
			);
			inputPaths = (
			);
			name = "[CP] Copy Pods Resources";
			outputPaths = (
			);
			runOnlyForDeploymentPostprocessing = 0;
			shellPath = /bin/sh;
			shellScript = "\"${SRCROOT}/Pods/Target Support Files/Pods-MatZyp/Pods-MatZyp-resources.sh\"\n";
			showEnvVarsInLog = 0;
		};
		5770ECF3CE0B93517EB2C04E /* [CP] Embed Pods Frameworks */ = {
			isa = PBXShellScriptBuildPhase;
			buildActionMask = 2147483647;
			files = (
			);
			inputPaths = (
			);
			name = "[CP] Embed Pods Frameworks";
			outputPaths = (
			);
			runOnlyForDeploymentPostprocessing = 0;
			shellPath = /bin/sh;
			shellScript = "\"${SRCROOT}/Pods/Target Support Files/Pods-MatZyp/Pods-MatZyp-frameworks.sh\"\n";
			showEnvVarsInLog = 0;
		};
		90675A1D96BD3E30B1C17FD3 /* [CP] Check Pods Manifest.lock */ = {
			isa = PBXShellScriptBuildPhase;
			buildActionMask = 2147483647;
			files = (
			);
			inputPaths = (
			);
			name = "[CP] Check Pods Manifest.lock";
			outputPaths = (
			);
			runOnlyForDeploymentPostprocessing = 0;
			shellPath = /bin/sh;
			shellScript = "diff \"${PODS_ROOT}/../Podfile.lock\" \"${PODS_ROOT}/Manifest.lock\" > /dev/null\nif [ $? != 0 ] ; then\n    # print error to STDERR\n    echo \"error: The sandbox is not in sync with the Podfile.lock. Run 'pod install' or update your CocoaPods installation.\" >&2\n    exit 1\nfi\n";
			showEnvVarsInLog = 0;
		};
/* End PBXShellScriptBuildPhase section */

/* Begin PBXSourcesBuildPhase section */
		36CE296B1DC869040087F8F3 /* Sources */ = {
			isa = PBXSourcesBuildPhase;
			buildActionMask = 2147483647;
			files = (
				B2DF22321DF44E96001308DA /* rating.swift in Sources */,
				B2C84D461DEDC85600BE7049 /* LoginViewController.swift in Sources */,
				B26395C81DD8A9F40046952F /* MatZypListTableViewCell.swift in Sources */,
				B2D31FE31DE739E9000513B4 /* WriteReviewTableViewController.swift in Sources */,
				B2AEF5B91DCF21BA009A0476 /* MatZypListViewController.swift in Sources */,
				36CE29851DC869140087F8F3 /* DataCenter.swift in Sources */,
				B2D31FEB1DE767FE000513B4 /* ThirdCell.swift in Sources */,
				B268B6D31DD76A3A00737189 /* MenuCell.swift in Sources */,
				36D159B31DD0DE47007B4EAA /* LocationListViewController.swift in Sources */,
				B24318161DE02E2B005F9317 /* ReviewTableViewController.swift in Sources */,
				CE16A1171DE0663E00DED5E7 /* GMapViewController.swift in Sources */,
				B2D31FE91DE7434E000513B4 /* customSegmentedControl.swift in Sources */,
				CEADF87C1DE827940015FC0A /* SearchResultController.swift in Sources */,
				B2BA89A41DD86B5500FC0C13 /* FirstCell.swift in Sources */,
				36D159B51DD0DE5B007B4EAA /* MenuListViewController.swift in Sources */,
				B2C84D481DEDD1C800BE7049 /* TabbarViewController.swift in Sources */,
				B20AF2B41DF2B02E00B4730F /* ReviewTableViewCell.swift in Sources */,
				B241D1491DE45227008348FF /* SegViewController.swift in Sources */,
				36CE63EE1DD6F06000F73C7E /* SettingController.swift in Sources */,
				B2E3E0B71DF6AFA400840F65 /* DetailImageViewController.swift in Sources */,
				B2BA89A81DD881EB00FC0C13 /* SecondCell.swift in Sources */,
				B2BA89A61DD86B7000FC0C13 /* InfoListViewController.swift in Sources */,
				B2BA89AA1DD883EC00FC0C13 /* FourthCell.swift in Sources */,
				B2BA89B01DD8840C00FC0C13 /* SeventhCell.swift in Sources */,
				369A7E7C1DD5ACE3009FCB39 /* LanguageModalViewController.swift in Sources */,
				B2BA89AC1DD883F800FC0C13 /* FifthCell.swift in Sources */,
				B2BA89AE1DD8840200FC0C13 /* SixthCell.swift in Sources */,
				36CE29731DC869040087F8F3 /* AppDelegate.swift in Sources */,
			);
			runOnlyForDeploymentPostprocessing = 0;
		};
/* End PBXSourcesBuildPhase section */

/* Begin PBXVariantGroup section */
		36CE29761DC869040087F8F3 /* Main.storyboard */ = {
			isa = PBXVariantGroup;
			children = (
				36CE29771DC869040087F8F3 /* Base */,
			);
			name = Main.storyboard;
			sourceTree = "<group>";
		};
		36CE297B1DC869040087F8F3 /* LaunchScreen.storyboard */ = {
			isa = PBXVariantGroup;
			children = (
				36CE297C1DC869040087F8F3 /* Base */,
			);
			name = LaunchScreen.storyboard;
			sourceTree = "<group>";
		};
/* End PBXVariantGroup section */

/* Begin XCBuildConfiguration section */
		36CE297F1DC869040087F8F3 /* Debug */ = {
			isa = XCBuildConfiguration;
			buildSettings = {
				ALWAYS_SEARCH_USER_PATHS = NO;
				CLANG_ANALYZER_NONNULL = YES;
				CLANG_CXX_LANGUAGE_STANDARD = "gnu++0x";
				CLANG_CXX_LIBRARY = "libc++";
				CLANG_ENABLE_MODULES = YES;
				CLANG_ENABLE_OBJC_ARC = YES;
				CLANG_WARN_BOOL_CONVERSION = YES;
				CLANG_WARN_CONSTANT_CONVERSION = YES;
				CLANG_WARN_DIRECT_OBJC_ISA_USAGE = YES_ERROR;
				CLANG_WARN_DOCUMENTATION_COMMENTS = YES;
				CLANG_WARN_EMPTY_BODY = YES;
				CLANG_WARN_ENUM_CONVERSION = YES;
				CLANG_WARN_INFINITE_RECURSION = YES;
				CLANG_WARN_INT_CONVERSION = YES;
				CLANG_WARN_OBJC_ROOT_CLASS = YES_ERROR;
				CLANG_WARN_SUSPICIOUS_MOVE = YES;
				CLANG_WARN_SUSPICIOUS_MOVES = YES;
				CLANG_WARN_UNREACHABLE_CODE = YES;
				CLANG_WARN__DUPLICATE_METHOD_MATCH = YES;
				"CODE_SIGN_IDENTITY[sdk=iphoneos*]" = "iPhone Developer";
				COPY_PHASE_STRIP = NO;
				DEBUG_INFORMATION_FORMAT = dwarf;
				ENABLE_STRICT_OBJC_MSGSEND = YES;
				ENABLE_TESTABILITY = YES;
				GCC_C_LANGUAGE_STANDARD = gnu99;
				GCC_DYNAMIC_NO_PIC = NO;
				GCC_NO_COMMON_BLOCKS = YES;
				GCC_OPTIMIZATION_LEVEL = 0;
				GCC_PREPROCESSOR_DEFINITIONS = (
					"DEBUG=1",
					"$(inherited)",
				);
				GCC_WARN_64_TO_32_BIT_CONVERSION = YES;
				GCC_WARN_ABOUT_RETURN_TYPE = YES_ERROR;
				GCC_WARN_UNDECLARED_SELECTOR = YES;
				GCC_WARN_UNINITIALIZED_AUTOS = YES_AGGRESSIVE;
				GCC_WARN_UNUSED_FUNCTION = YES;
				GCC_WARN_UNUSED_VARIABLE = YES;
				IPHONEOS_DEPLOYMENT_TARGET = 10.0;
				MTL_ENABLE_DEBUG_INFO = YES;
				ONLY_ACTIVE_ARCH = YES;
				SDKROOT = iphoneos;
				SWIFT_ACTIVE_COMPILATION_CONDITIONS = DEBUG;
				SWIFT_OPTIMIZATION_LEVEL = "-Onone";
				TARGETED_DEVICE_FAMILY = "1,2";
			};
			name = Debug;
		};
		36CE29801DC869040087F8F3 /* Release */ = {
			isa = XCBuildConfiguration;
			buildSettings = {
				ALWAYS_SEARCH_USER_PATHS = NO;
				CLANG_ANALYZER_NONNULL = YES;
				CLANG_CXX_LANGUAGE_STANDARD = "gnu++0x";
				CLANG_CXX_LIBRARY = "libc++";
				CLANG_ENABLE_MODULES = YES;
				CLANG_ENABLE_OBJC_ARC = YES;
				CLANG_WARN_BOOL_CONVERSION = YES;
				CLANG_WARN_CONSTANT_CONVERSION = YES;
				CLANG_WARN_DIRECT_OBJC_ISA_USAGE = YES_ERROR;
				CLANG_WARN_DOCUMENTATION_COMMENTS = YES;
				CLANG_WARN_EMPTY_BODY = YES;
				CLANG_WARN_ENUM_CONVERSION = YES;
				CLANG_WARN_INFINITE_RECURSION = YES;
				CLANG_WARN_INT_CONVERSION = YES;
				CLANG_WARN_OBJC_ROOT_CLASS = YES_ERROR;
				CLANG_WARN_SUSPICIOUS_MOVE = YES;
				CLANG_WARN_SUSPICIOUS_MOVES = YES;
				CLANG_WARN_UNREACHABLE_CODE = YES;
				CLANG_WARN__DUPLICATE_METHOD_MATCH = YES;
				"CODE_SIGN_IDENTITY[sdk=iphoneos*]" = "iPhone Developer";
				COPY_PHASE_STRIP = NO;
				DEBUG_INFORMATION_FORMAT = "dwarf-with-dsym";
				ENABLE_NS_ASSERTIONS = NO;
				ENABLE_STRICT_OBJC_MSGSEND = YES;
				GCC_C_LANGUAGE_STANDARD = gnu99;
				GCC_NO_COMMON_BLOCKS = YES;
				GCC_WARN_64_TO_32_BIT_CONVERSION = YES;
				GCC_WARN_ABOUT_RETURN_TYPE = YES_ERROR;
				GCC_WARN_UNDECLARED_SELECTOR = YES;
				GCC_WARN_UNINITIALIZED_AUTOS = YES_AGGRESSIVE;
				GCC_WARN_UNUSED_FUNCTION = YES;
				GCC_WARN_UNUSED_VARIABLE = YES;
				IPHONEOS_DEPLOYMENT_TARGET = 10.0;
				MTL_ENABLE_DEBUG_INFO = NO;
				SDKROOT = iphoneos;
				SWIFT_OPTIMIZATION_LEVEL = "-Owholemodule";
				TARGETED_DEVICE_FAMILY = "1,2";
				VALIDATE_PRODUCT = YES;
			};
			name = Release;
		};
		36CE29821DC869040087F8F3 /* Debug */ = {
			isa = XCBuildConfiguration;
			baseConfigurationReference = 251FFECB3AF64B960FEE002E /* Pods-MatZyp.debug.xcconfig */;
			buildSettings = {
				ASSETCATALOG_COMPILER_APPICON_NAME = AppIcon;
				CLANG_ENABLE_MODULES = YES;
				CODE_SIGN_ENTITLEMENTS = MatZyp/MatZyp.entitlements;
				DEVELOPMENT_TEAM = 49K9ZR2VHN;
				FRAMEWORK_SEARCH_PATHS = (
					"$(inherited)",
					"$(PROJECT_DIR)",
				);
				INFOPLIST_FILE = MatZyp/Info.plist;
				IPHONEOS_DEPLOYMENT_TARGET = 10.1;
				LD_RUNPATH_SEARCH_PATHS = "$(inherited) @executable_path/Frameworks";
				PRODUCT_BUNDLE_IDENTIFIER = com.CodersHigh.MatZyp;
				PRODUCT_NAME = "$(TARGET_NAME)";
				SWIFT_OBJC_BRIDGING_HEADER = "MatZyp/MatZyp-Bridging-Header.h";
				SWIFT_OPTIMIZATION_LEVEL = "-Onone";
				SWIFT_VERSION = 3.0;
			};
			name = Debug;
		};
		36CE29831DC869040087F8F3 /* Release */ = {
			isa = XCBuildConfiguration;
			baseConfigurationReference = EA6FD20E841CCD1BF6D22258 /* Pods-MatZyp.release.xcconfig */;
			buildSettings = {
				ASSETCATALOG_COMPILER_APPICON_NAME = AppIcon;
				CLANG_ENABLE_MODULES = YES;
				CODE_SIGN_ENTITLEMENTS = MatZyp/MatZyp.entitlements;
				DEVELOPMENT_TEAM = 49K9ZR2VHN;
				FRAMEWORK_SEARCH_PATHS = (
					"$(inherited)",
					"$(PROJECT_DIR)",
				);
				INFOPLIST_FILE = MatZyp/Info.plist;
				IPHONEOS_DEPLOYMENT_TARGET = 10.1;
				LD_RUNPATH_SEARCH_PATHS = "$(inherited) @executable_path/Frameworks";
				PRODUCT_BUNDLE_IDENTIFIER = com.CodersHigh.MatZyp;
				PRODUCT_NAME = "$(TARGET_NAME)";
				SWIFT_OBJC_BRIDGING_HEADER = "MatZyp/MatZyp-Bridging-Header.h";
				SWIFT_VERSION = 3.0;
			};
			name = Release;
		};
/* End XCBuildConfiguration section */

/* Begin XCConfigurationList section */
		36CE296A1DC869040087F8F3 /* Build configuration list for PBXProject "MatZyp" */ = {
			isa = XCConfigurationList;
			buildConfigurations = (
				36CE297F1DC869040087F8F3 /* Debug */,
				36CE29801DC869040087F8F3 /* Release */,
			);
			defaultConfigurationIsVisible = 0;
			defaultConfigurationName = Release;
		};
		36CE29811DC869040087F8F3 /* Build configuration list for PBXNativeTarget "MatZyp" */ = {
			isa = XCConfigurationList;
			buildConfigurations = (
				36CE29821DC869040087F8F3 /* Debug */,
				36CE29831DC869040087F8F3 /* Release */,
			);
			defaultConfigurationIsVisible = 0;
			defaultConfigurationName = Release;
		};
/* End XCConfigurationList section */
	};
	rootObject = 36CE29671DC869040087F8F3 /* Project object */;
}
