// !$*UTF8*$!
{
	archiveVersion = 1;
	classes = {
	};
	objectVersion = 46;
	objects = {

/* Begin PBXBuildFile section */
		36CE29731DC869040087F8F3 /* AppDelegate.swift in Sources */ = {isa = PBXBuildFile; fileRef = 36CE29721DC869040087F8F3 /* AppDelegate.swift */; };
		36CE29781DC869040087F8F3 /* Main.storyboard in Resources */ = {isa = PBXBuildFile; fileRef = 36CE29761DC869040087F8F3 /* Main.storyboard */; };
		36CE297A1DC869040087F8F3 /* Assets.xcassets in Resources */ = {isa = PBXBuildFile; fileRef = 36CE29791DC869040087F8F3 /* Assets.xcassets */; };
		36CE297D1DC869040087F8F3 /* LaunchScreen.storyboard in Resources */ = {isa = PBXBuildFile; fileRef = 36CE297B1DC869040087F8F3 /* LaunchScreen.storyboard */; };
		36CE29851DC869140087F8F3 /* DataCenter.swift in Sources */ = {isa = PBXBuildFile; fileRef = 36CE29841DC869140087F8F3 /* DataCenter.swift */; };
		B2AEF5B91DCF21BA009A0476 /* MatZypListViewController.swift in Sources */ = {isa = PBXBuildFile; fileRef = B2AEF5B81DCF21BA009A0476 /* MatZypListViewController.swift */; };
		B2AEF5BB1DCF2296009A0476 /* ViewController.swift in Sources */ = {isa = PBXBuildFile; fileRef = B2AEF5BA1DCF2296009A0476 /* ViewController.swift */; };
/* End PBXBuildFile section */

/* Begin PBXFileReference section */
		36CE296F1DC869040087F8F3 /* MatZyp.app */ = {isa = PBXFileReference; explicitFileType = wrapper.application; includeInIndex = 0; path = MatZyp.app; sourceTree = BUILT_PRODUCTS_DIR; };
		36CE29721DC869040087F8F3 /* AppDelegate.swift */ = {isa = PBXFileReference; lastKnownFileType = sourcecode.swift; path = AppDelegate.swift; sourceTree = "<group>"; };
		36CE29771DC869040087F8F3 /* Base */ = {isa = PBXFileReference; lastKnownFileType = file.storyboard; name = Base; path = Base.lproj/Main.storyboard; sourceTree = "<group>"; };
		36CE29791DC869040087F8F3 /* Assets.xcassets */ = {isa = PBXFileReference; lastKnownFileType = folder.assetcatalog; path = Assets.xcassets; sourceTree = "<group>"; };
		36CE297C1DC869040087F8F3 /* Base */ = {isa = PBXFileReference; lastKnownFileType = file.storyboard; name = Base; path = Base.lproj/LaunchScreen.storyboard; sourceTree = "<group>"; };
		36CE297E1DC869040087F8F3 /* Info.plist */ = {isa = PBXFileReference; lastKnownFileType = text.plist.xml; path = Info.plist; sourceTree = "<group>"; };
		36CE29841DC869140087F8F3 /* DataCenter.swift */ = {isa = PBXFileReference; fileEncoding = 4; lastKnownFileType = sourcecode.swift; name = DataCenter.swift; path = ../DataCenter.swift; sourceTree = "<group>"; };
		B2AEF5B81DCF21BA009A0476 /* MatZypListViewController.swift */ = {isa = PBXFileReference; fileEncoding = 4; lastKnownFileType = sourcecode.swift; path = MatZypListViewController.swift; sourceTree = "<group>"; };
		B2AEF5BA1DCF2296009A0476 /* ViewController.swift */ = {isa = PBXFileReference; fileEncoding = 4; lastKnownFileType = sourcecode.swift; path = ViewController.swift; sourceTree = "<group>"; };
/* End PBXFileReference section */

/* Begin PBXFrameworksBuildPhase section */
		36CE296C1DC869040087F8F3 /* Frameworks */ = {
			isa = PBXFrameworksBuildPhase;
			buildActionMask = 2147483647;
			files = (
			);
			runOnlyForDeploymentPostprocessing = 0;
		};
/* End PBXFrameworksBuildPhase section */

/* Begin PBXGroup section */
		36CE29661DC869040087F8F3 = {
			isa = PBXGroup;
			children = (
				36CE29711DC869040087F8F3 /* MatZyp */,
				36CE29701DC869040087F8F3 /* Products */,
			);
			sourceTree = "<group>";
		};
		36CE29701DC869040087F8F3 /* Products */ = {
			isa = PBXGroup;
			children = (
				36CE296F1DC869040087F8F3 /* MatZyp.app */,
			);
			name = Products;
			sourceTree = "<group>";
		};
		36CE29711DC869040087F8F3 /* MatZyp */ = {
			isa = PBXGroup;
			children = (
				36CE29841DC869140087F8F3 /* DataCenter.swift */,
				B2AEF5BA1DCF2296009A0476 /* ViewController.swift */,
				36CE29721DC869040087F8F3 /* AppDelegate.swift */,
				36CE29761DC869040087F8F3 /* Main.storyboard */,
				B2AEF5B81DCF21BA009A0476 /* MatZypListViewController.swift */,
				36CE29791DC869040087F8F3 /* Assets.xcassets */,
				36CE297B1DC869040087F8F3 /* LaunchScreen.storyboard */,
				36CE297E1DC869040087F8F3 /* Info.plist */,
			);
			path = MatZyp;
			sourceTree = "<group>";
		};
/* End PBXGroup section */

/* Begin PBXNativeTarget section */
		36CE296E1DC869040087F8F3 /* MatZyp */ = {
			isa = PBXNativeTarget;
			buildConfigurationList = 36CE29811DC869040087F8F3 /* Build configuration list for PBXNativeTarget "MatZyp" */;
			buildPhases = (
				36CE296B1DC869040087F8F3 /* Sources */,
				36CE296C1DC869040087F8F3 /* Frameworks */,
				36CE296D1DC869040087F8F3 /* Resources */,
			);
			buildRules = (
			);
			dependencies = (
			);
			name = MatZyp;
			productName = MatZyp;
			productReference = 36CE296F1DC869040087F8F3 /* MatZyp.app */;
			productType = "com.apple.product-type.application";
		};
/* End PBXNativeTarget section */

/* Begin PBXProject section */
		36CE29671DC869040087F8F3 /* Project object */ = {
			isa = PBXProject;
			attributes = {
				LastSwiftUpdateCheck = 0800;
				LastUpgradeCheck = 0810;
				ORGANIZATIONNAME = CodersHigh;
				TargetAttributes = {
					36CE296E1DC869040087F8F3 = {
						CreatedOnToolsVersion = 8.0;
						ProvisioningStyle = Automatic;
					};
				};
			};
			buildConfigurationList = 36CE296A1DC869040087F8F3 /* Build configuration list for PBXProject "MatZyp" */;
			compatibilityVersion = "Xcode 3.2";
			developmentRegion = English;
			hasScannedForEncodings = 0;
			knownRegions = (
				en,
				Base,
			);
			mainGroup = 36CE29661DC869040087F8F3;
			productRefGroup = 36CE29701DC869040087F8F3 /* Products */;
			projectDirPath = "";
			projectRoot = "";
			targets = (
				36CE296E1DC869040087F8F3 /* MatZyp */,
			);
		};
/* End PBXProject section */

/* Begin PBXResourcesBuildPhase section */
		36CE296D1DC869040087F8F3 /* Resources */ = {
			isa = PBXResourcesBuildPhase;
			buildActionMask = 2147483647;
			files = (
				36CE297D1DC869040087F8F3 /* LaunchScreen.storyboard in Resources */,
				36CE297A1DC869040087F8F3 /* Assets.xcassets in Resources */,
				36CE29781DC869040087F8F3 /* Main.storyboard in Resources */,
			);
			runOnlyForDeploymentPostprocessing = 0;
		};
/* End PBXResourcesBuildPhase section */

/* Begin PBXSourcesBuildPhase section */
		36CE296B1DC869040087F8F3 /* Sources */ = {
			isa = PBXSourcesBuildPhase;
			buildActionMask = 2147483647;
			files = (
				B2AEF5B91DCF21BA009A0476 /* MatZypListViewController.swift in Sources */,
				36CE29851DC869140087F8F3 /* DataCenter.swift in Sources */,
				B2AEF5BB1DCF2296009A0476 /* ViewController.swift in Sources */,
				36CE29731DC869040087F8F3 /* AppDelegate.swift in Sources */,
			);
			runOnlyForDeploymentPostprocessing = 0;
		};
/* End PBXSourcesBuildPhase section */

/* Begin PBXVariantGroup section */
		36CE29761DC869040087F8F3 /* Main.storyboard */ = {
			isa = PBXVariantGroup;
			children = (
				36CE29771DC869040087F8F3 /* Base */,
			);
			name = Main.storyboard;
			sourceTree = "<group>";
		};
		36CE297B1DC869040087F8F3 /* LaunchScreen.storyboard */ = {
			isa = PBXVariantGroup;
			children = (
				36CE297C1DC869040087F8F3 /* Base */,
			);
			name = LaunchScreen.storyboard;
			sourceTree = "<group>";
		};
/* End PBXVariantGroup section */

/* Begin XCBuildConfiguration section */
		36CE297F1DC869040087F8F3 /* Debug */ = {
			isa = XCBuildConfiguration;
			buildSettings = {
				ALWAYS_SEARCH_USER_PATHS = NO;
				CLANG_ANALYZER_NONNULL = YES;
				CLANG_CXX_LANGUAGE_STANDARD = "gnu++0x";
				CLANG_CXX_LIBRARY = "libc++";
				CLANG_ENABLE_MODULES = YES;
				CLANG_ENABLE_OBJC_ARC = YES;
				CLANG_WARN_BOOL_CONVERSION = YES;
				CLANG_WARN_CONSTANT_CONVERSION = YES;
				CLANG_WARN_DIRECT_OBJC_ISA_USAGE = YES_ERROR;
				CLANG_WARN_DOCUMENTATION_COMMENTS = YES;
				CLANG_WARN_EMPTY_BODY = YES;
				CLANG_WARN_ENUM_CONVERSION = YES;
				CLANG_WARN_INFINITE_RECURSION = YES;
				CLANG_WARN_INT_CONVERSION = YES;
				CLANG_WARN_OBJC_ROOT_CLASS = YES_ERROR;
				CLANG_WARN_SUSPICIOUS_MOVE = YES;
				CLANG_WARN_SUSPICIOUS_MOVES = YES;
				CLANG_WARN_UNREACHABLE_CODE = YES;
				CLANG_WARN__DUPLICATE_METHOD_MATCH = YES;
				"CODE_SIGN_IDENTITY[sdk=iphoneos*]" = "iPhone Developer";
				COPY_PHASE_STRIP = NO;
				DEBUG_INFORMATION_FORMAT = dwarf;
				ENABLE_STRICT_OBJC_MSGSEND = YES;
				ENABLE_TESTABILITY = YES;
				GCC_C_LANGUAGE_STANDARD = gnu99;
				GCC_DYNAMIC_NO_PIC = NO;
				GCC_NO_COMMON_BLOCKS = YES;
				GCC_OPTIMIZATION_LEVEL = 0;
				GCC_PREPROCESSOR_DEFINITIONS = (
					"DEBUG=1",
					"$(inherited)",
				);
				GCC_WARN_64_TO_32_BIT_CONVERSION = YES;
				GCC_WARN_ABOUT_RETURN_TYPE = YES_ERROR;
				GCC_WARN_UNDECLARED_SELECTOR = YES;
				GCC_WARN_UNINITIALIZED_AUTOS = YES_AGGRESSIVE;
				GCC_WARN_UNUSED_FUNCTION = YES;
				GCC_WARN_UNUSED_VARIABLE = YES;
				IPHONEOS_DEPLOYMENT_TARGET = 10.0;
				MTL_ENABLE_DEBUG_INFO = YES;
				ONLY_ACTIVE_ARCH = YES;
				SDKROOT = iphoneos;
				SWIFT_ACTIVE_COMPILATION_CONDITIONS = DEBUG;
				SWIFT_OPTIMIZATION_LEVEL = "-Onone";
				TARGETED_DEVICE_FAMILY = "1,2";
			};
			name = Debug;
		};
		36CE29801DC869040087F8F3 /* Release */ = {
			isa = XCBuildConfiguration;
			buildSettings = {
				ALWAYS_SEARCH_USER_PATHS = NO;
				CLANG_ANALYZER_NONNULL = YES;
				CLANG_CXX_LANGUAGE_STANDARD = "gnu++0x";
				CLANG_CXX_LIBRARY = "libc++";
				CLANG_ENABLE_MODULES = YES;
				CLANG_ENABLE_OBJC_ARC = YES;
				CLANG_WARN_BOOL_CONVERSION = YES;
				CLANG_WARN_CONSTANT_CONVERSION = YES;
				CLANG_WARN_DIRECT_OBJC_ISA_USAGE = YES_ERROR;
				CLANG_WARN_DOCUMENTATION_COMMENTS = YES;
				CLANG_WARN_EMPTY_BODY = YES;
				CLANG_WARN_ENUM_CONVERSION = YES;
				CLANG_WARN_INFINITE_RECURSION = YES;
				CLANG_WARN_INT_CONVERSION = YES;
				CLANG_WARN_OBJC_ROOT_CLASS = YES_ERROR;
				CLANG_WARN_SUSPICIOUS_MOVE = YES;
				CLANG_WARN_SUSPICIOUS_MOVES = YES;
				CLANG_WARN_UNREACHABLE_CODE = YES;
				CLANG_WARN__DUPLICATE_METHOD_MATCH = YES;
				"CODE_SIGN_IDENTITY[sdk=iphoneos*]" = "iPhone Developer";
				COPY_PHASE_STRIP = NO;
				DEBUG_INFORMATION_FORMAT = "dwarf-with-dsym";
				ENABLE_NS_ASSERTIONS = NO;
				ENABLE_STRICT_OBJC_MSGSEND = YES;
				GCC_C_LANGUAGE_STANDARD = gnu99;
				GCC_NO_COMMON_BLOCKS = YES;
				GCC_WARN_64_TO_32_BIT_CONVERSION = YES;
				GCC_WARN_ABOUT_RETURN_TYPE = YES_ERROR;
				GCC_WARN_UNDECLARED_SELECTOR = YES;
				GCC_WARN_UNINITIALIZED_AUTOS = YES_AGGRESSIVE;
				GCC_WARN_UNUSED_FUNCTION = YES;
				GCC_WARN_UNUSED_VARIABLE = YES;
				IPHONEOS_DEPLOYMENT_TARGET = 10.0;
				MTL_ENABLE_DEBUG_INFO = NO;
				SDKROOT = iphoneos;
				SWIFT_OPTIMIZATION_LEVEL = "-Owholemodule";
				TARGETED_DEVICE_FAMILY = "1,2";
				VALIDATE_PRODUCT = YES;
			};
			name = Release;
		};
		36CE29821DC869040087F8F3 /* Debug */ = {
			isa = XCBuildConfiguration;
			buildSettings = {
				ASSETCATALOG_COMPILER_APPICON_NAME = AppIcon;
				INFOPLIST_FILE = MatZyp/Info.plist;
				LD_RUNPATH_SEARCH_PATHS = "$(inherited) @executable_path/Frameworks";
				PRODUCT_BUNDLE_IDENTIFIER = com.CodersHigh.MatZyp;
				PRODUCT_NAME = "$(TARGET_NAME)";
				SWIFT_VERSION = 3.0;
			};
			name = Debug;
		};
		36CE29831DC869040087F8F3 /* Release */ = {
			isa = XCBuildConfiguration;
			buildSettings = {
				ASSETCATALOG_COMPILER_APPICON_NAME = AppIcon;
				INFOPLIST_FILE = MatZyp/Info.plist;
				LD_RUNPATH_SEARCH_PATHS = "$(inherited) @executable_path/Frameworks";
				PRODUCT_BUNDLE_IDENTIFIER = com.CodersHigh.MatZyp;
				PRODUCT_NAME = "$(TARGET_NAME)";
				SWIFT_VERSION = 3.0;
			};
			name = Release;
		};
/* End XCBuildConfiguration section */

/* Begin XCConfigurationList section */
		36CE296A1DC869040087F8F3 /* Build configuration list for PBXProject "MatZyp" */ = {
			isa = XCConfigurationList;
			buildConfigurations = (
				36CE297F1DC869040087F8F3 /* Debug */,
				36CE29801DC869040087F8F3 /* Release */,
			);
			defaultConfigurationIsVisible = 0;
			defaultConfigurationName = Release;
		};
		36CE29811DC869040087F8F3 /* Build configuration list for PBXNativeTarget "MatZyp" */ = {
			isa = XCConfigurationList;
			buildConfigurations = (
				36CE29821DC869040087F8F3 /* Debug */,
				36CE29831DC869040087F8F3 /* Release */,
			);
			defaultConfigurationIsVisible = 0;
			defaultConfigurationName = Release;
		};
/* End XCConfigurationList section */
	};
	rootObject = 36CE29671DC869040087F8F3 /* Project object */;
}
